{
    "_readme": [
        "This file locks the dependencies of your project to a known state",
        "Read more about it at https://getcomposer.org/doc/01-basic-usage.md#composer-lock-the-lock-file",
        "This file is @generated automatically"
    ],
    "content-hash": "40f9d780e74ef4a4557960e390d314f0",
    "packages": [
        {
            "name": "composer/installers",
            "version": "v1.5.0",
            "source": {
                "type": "git",
                "url": "https://github.com/composer/installers.git",
                "reference": "049797d727261bf27f2690430d935067710049c2"
            },
            "dist": {
                "type": "zip",
                "url": "https://api.github.com/repos/composer/installers/zipball/049797d727261bf27f2690430d935067710049c2",
                "reference": "049797d727261bf27f2690430d935067710049c2",
                "shasum": ""
            },
            "require": {
                "composer-plugin-api": "^1.0"
            },
            "replace": {
                "roundcube/plugin-installer": "*",
                "shama/baton": "*"
            },
            "require-dev": {
                "composer/composer": "1.0.*@dev",
                "phpunit/phpunit": "^4.8.36"
            },
            "type": "composer-plugin",
            "extra": {
                "class": "Composer\\Installers\\Plugin",
                "branch-alias": {
                    "dev-master": "1.0-dev"
                }
            },
            "autoload": {
                "psr-4": {
                    "Composer\\Installers\\": "src/Composer/Installers"
                }
            },
            "notification-url": "https://packagist.org/downloads/",
            "license": [
                "MIT"
            ],
            "authors": [
                {
                    "name": "Kyle Robinson Young",
                    "email": "kyle@dontkry.com",
                    "homepage": "https://github.com/shama"
                }
            ],
            "description": "A multi-framework Composer library installer",
            "homepage": "https://composer.github.io/installers/",
            "keywords": [
                "Craft",
                "Dolibarr",
                "Eliasis",
                "Hurad",
                "ImageCMS",
                "Kanboard",
                "Lan Management System",
                "MODX Evo",
                "Mautic",
                "Maya",
                "OXID",
                "Plentymarkets",
                "Porto",
                "RadPHP",
                "SMF",
                "Thelia",
                "WolfCMS",
                "agl",
                "aimeos",
                "annotatecms",
                "attogram",
                "bitrix",
                "cakephp",
                "chef",
                "cockpit",
                "codeigniter",
                "concrete5",
                "croogo",
                "dokuwiki",
                "drupal",
                "eZ Platform",
                "elgg",
                "expressionengine",
                "fuelphp",
                "grav",
                "installer",
                "itop",
                "joomla",
                "kohana",
                "laravel",
                "lavalite",
                "lithium",
                "magento",
                "majima",
                "mako",
                "mediawiki",
                "modulework",
                "modx",
                "moodle",
                "osclass",
                "phpbb",
                "piwik",
                "ppi",
                "puppet",
                "pxcms",
                "reindex",
                "roundcube",
                "shopware",
                "silverstripe",
                "sydes",
                "symfony",
                "typo3",
                "wordpress",
                "yawik",
                "zend",
                "zikula"
            ],
            "time": "2017-12-29T09:13:20+00:00"
        },
        {
            "name": "johnpbloch/wordpress",
            "version": "4.9.8",
            "source": {
                "type": "git",
                "url": "https://github.com/johnpbloch/wordpress.git",
                "reference": "de02cd79a41e06f36558040724414197cb7f6246"
            },
            "dist": {
                "type": "zip",
                "url": "https://api.github.com/repos/johnpbloch/wordpress/zipball/de02cd79a41e06f36558040724414197cb7f6246",
                "reference": "de02cd79a41e06f36558040724414197cb7f6246",
                "shasum": ""
            },
            "require": {
                "johnpbloch/wordpress-core": "4.9.8",
                "johnpbloch/wordpress-core-installer": "^1.0",
                "php": ">=5.3.2"
            },
            "type": "package",
            "notification-url": "https://packagist.org/downloads/",
            "license": [
                "GPL-2.0+"
            ],
            "authors": [
                {
                    "name": "WordPress Community",
                    "homepage": "http://wordpress.org/about/"
                }
            ],
            "description": "WordPress is web software you can use to create a beautiful website or blog.",
            "homepage": "http://wordpress.org/",
            "keywords": [
                "blog",
                "cms",
                "wordpress"
            ],
            "time": "2018-08-02T21:48:39+00:00"
        },
        {
            "name": "johnpbloch/wordpress-core",
            "version": "4.9.8",
            "source": {
                "type": "git",
                "url": "https://github.com/johnpbloch/wordpress-core.git",
                "reference": "50323f9b91d7689d615b4af02caf9d80584b1cfc"
            },
            "dist": {
                "type": "zip",
                "url": "https://api.github.com/repos/johnpbloch/wordpress-core/zipball/50323f9b91d7689d615b4af02caf9d80584b1cfc",
                "reference": "50323f9b91d7689d615b4af02caf9d80584b1cfc",
                "shasum": ""
            },
            "require": {
                "php": ">=5.3.2"
            },
            "provide": {
                "wordpress/core-implementation": "4.9.8"
            },
            "type": "wordpress-core",
            "notification-url": "https://packagist.org/downloads/",
            "license": [
                "GPL-2.0-or-later"
            ],
            "authors": [
                {
                    "name": "WordPress Community",
                    "homepage": "http://wordpress.org/about/"
                }
            ],
            "description": "WordPress is web software you can use to create a beautiful website or blog.",
            "homepage": "http://wordpress.org/",
            "keywords": [
                "blog",
                "cms",
                "wordpress"
            ],
            "time": "2018-08-02T21:48:32+00:00"
        },
        {
            "name": "johnpbloch/wordpress-core-installer",
            "version": "1.0.0.2",
            "source": {
                "type": "git",
                "url": "https://github.com/johnpbloch/wordpress-core-installer.git",
                "reference": "7941acd71725710a789daabe0557429da63e7ac6"
            },
            "dist": {
                "type": "zip",
                "url": "https://api.github.com/repos/johnpbloch/wordpress-core-installer/zipball/7941acd71725710a789daabe0557429da63e7ac6",
                "reference": "7941acd71725710a789daabe0557429da63e7ac6",
                "shasum": ""
            },
            "require": {
                "composer-plugin-api": "^1.0"
            },
            "conflict": {
                "composer/installers": "<1.0.6"
            },
            "require-dev": {
                "composer/composer": "^1.0",
                "phpunit/phpunit": ">=4.8.35"
            },
            "type": "composer-plugin",
            "extra": {
                "class": "johnpbloch\\Composer\\WordPressCorePlugin"
            },
            "autoload": {
                "psr-0": {
                    "johnpbloch\\Composer\\": "src/"
                }
            },
            "notification-url": "https://packagist.org/downloads/",
            "license": [
                "GPL-2.0+"
            ],
            "authors": [
                {
                    "name": "John P. Bloch",
                    "email": "me@johnpbloch.com"
                }
            ],
            "description": "A custom installer to handle deploying WordPress with composer",
            "keywords": [
                "wordpress"
            ],
            "time": "2018-01-29T14:49:29+00:00"
        },
        {
            "name": "rarst/update-blocker",
            "version": "1.1",
            "source": {
                "type": "git",
                "url": "https://github.com/Rarst/update-blocker.git",
                "reference": "7a215f8a7b2aa87a9411dbb40b9539936430c176"
            },
            "dist": {
                "type": "zip",
                "url": "https://api.github.com/repos/Rarst/update-blocker/zipball/7a215f8a7b2aa87a9411dbb40b9539936430c176",
                "reference": "7a215f8a7b2aa87a9411dbb40b9539936430c176",
                "shasum": ""
            },
            "require": {
                "composer/installers": "~1.0"
            },
            "type": "wordpress-plugin",
            "notification-url": "https://packagist.org/downloads/",
            "license": [
                "MIT"
            ],
            "authors": [
                {
                    "name": "Andrey Savchenko",
                    "email": "contact@rarst.net",
                    "homepage": "http://www.Rarst.net/"
                }
            ],
            "description": "Lightweight generic blocker of updates from official WordPress repositories",
            "homepage": "https://github.com/Rarst/update-blocker",
            "keywords": [
                "wordpress"
            ],
            "time": "2016-09-03T18:23:52+00:00"
        },
        {
            "name": "vlucas/phpdotenv",
            "version": "v1.1.1",
            "source": {
                "type": "git",
                "url": "https://github.com/vlucas/phpdotenv.git",
                "reference": "0cac554ce06277e33ddf9f0b7ade4b8bbf2af3fa"
            },
            "dist": {
                "type": "zip",
                "url": "https://api.github.com/repos/vlucas/phpdotenv/zipball/0cac554ce06277e33ddf9f0b7ade4b8bbf2af3fa",
                "reference": "0cac554ce06277e33ddf9f0b7ade4b8bbf2af3fa",
                "shasum": ""
            },
            "require": {
                "php": ">=5.3.2"
            },
            "require-dev": {
                "phpunit/phpunit": "~4.0"
            },
            "type": "library",
            "autoload": {
                "psr-0": {
                    "Dotenv": "src/"
                }
            },
            "notification-url": "https://packagist.org/downloads/",
            "license": [
                "BSD"
            ],
            "authors": [
                {
                    "name": "Vance Lucas",
                    "email": "vance@vancelucas.com",
                    "homepage": "http://www.vancelucas.com"
                }
            ],
            "description": "Loads environment variables from `.env` to `getenv()`, `$_ENV` and `$_SERVER` automagically.",
            "homepage": "http://github.com/vlucas/phpdotenv",
            "keywords": [
                "dotenv",
                "env",
                "environment"
            ],
            "time": "2015-05-30T15:59:26+00:00"
        },
        {
            "name": "wpackagist-plugin/gutenberg",
            "version": "3.6.2",
            "source": {
                "type": "svn",
                "url": "https://plugins.svn.wordpress.org/gutenberg/",
                "reference": "tags/3.6.2"
            },
            "dist": {
                "type": "zip",
                "url": "https://downloads.wordpress.org/plugin/gutenberg.3.6.2.zip",
                "reference": null,
                "shasum": null
            },
            "require": {
                "composer/installers": "~1.0"
            },
            "type": "wordpress-plugin",
            "homepage": "https://wordpress.org/plugins/gutenberg/"
        },
        {
            "name": "wpackagist-theme/gridsby",
            "version": "1.2.9",
            "source": {
                "type": "svn",
                "url": "https://themes.svn.wordpress.org/gridsby/",
                "reference": "1.2.9"
            },
            "dist": {
                "type": "zip",
                "url": "https://downloads.wordpress.org/theme/gridsby.1.2.9.zip",
                "reference": null,
                "shasum": null
            },
            "require": {
                "composer/installers": "~1.0"
            },
            "type": "wordpress-theme",
            "homepage": "https://wordpress.org/themes/gridsby/"
        },
        {
            "name": "wpackagist-theme/twentyseventeen",
            "version": "1.7",
            "source": {
                "type": "svn",
                "url": "https://themes.svn.wordpress.org/twentyseventeen/",
                "reference": "1.7"
            },
            "dist": {
                "type": "zip",
                "url": "https://downloads.wordpress.org/theme/twentyseventeen.1.7.zip",
                "reference": null,
                "shasum": null
            },
            "require": {
                "composer/installers": "~1.0"
            },
            "type": "wordpress-theme",
            "homepage": "https://wordpress.org/themes/twentyseventeen/"
        },
        {
            "name": "wpackagist-theme/understrap",
            "version": "0.8.6",
            "source": {
                "type": "svn",
                "url": "https://themes.svn.wordpress.org/understrap/",
                "reference": "0.8.6"
            },
            "dist": {
                "type": "zip",
                "url": "https://downloads.wordpress.org/theme/understrap.0.8.6.zip",
                "reference": null,
                "shasum": null
            },
            "require": {
                "composer/installers": "~1.0"
            },
            "type": "wordpress-theme",
            "homepage": "https://wordpress.org/themes/understrap/"
        }
    ],
    "packages-dev": [
        {
            "name": "mustache/mustache",
            "version": "v2.12.0",
            "source": {
                "type": "git",
                "url": "https://github.com/bobthecow/mustache.php.git",
                "reference": "fe8fe72e9d580591854de404cc59a1b83ca4d19e"
            },
            "dist": {
                "type": "zip",
                "url": "https://api.github.com/repos/bobthecow/mustache.php/zipball/fe8fe72e9d580591854de404cc59a1b83ca4d19e",
                "reference": "fe8fe72e9d580591854de404cc59a1b83ca4d19e",
                "shasum": ""
            },
            "require": {
                "php": ">=5.2.4"
            },
            "require-dev": {
                "friendsofphp/php-cs-fixer": "~1.11",
                "phpunit/phpunit": "~3.7|~4.0|~5.0"
            },
            "type": "library",
            "autoload": {
                "psr-0": {
                    "Mustache": "src/"
                }
            },
            "notification-url": "https://packagist.org/downloads/",
            "license": [
                "MIT"
            ],
            "authors": [
                {
                    "name": "Justin Hileman",
                    "email": "justin@justinhileman.info",
                    "homepage": "http://justinhileman.com"
                }
            ],
            "description": "A Mustache implementation in PHP.",
            "homepage": "https://github.com/bobthecow/mustache.php",
            "keywords": [
                "mustache",
                "templating"
            ],
            "time": "2017-07-11T12:54:05+00:00"
        },
        {
            "name": "rarst/laps",
            "version": "1.4.4",
            "source": {
                "type": "git",
                "url": "https://github.com/Rarst/laps.git",
                "reference": "03ff2b61ff01f4ecf757095c6aa165db9997351b"
            },
            "dist": {
                "type": "zip",
                "url": "https://api.github.com/repos/Rarst/laps/zipball/03ff2b61ff01f4ecf757095c6aa165db9997351b",
                "reference": "03ff2b61ff01f4ecf757095c6aa165db9997351b",
                "shasum": ""
            },
            "require": {
                "composer/installers": "~1.0",
                "mustache/mustache": "~2.4",
                "symfony/stopwatch": "~2.4"
            },
            "require-dev": {
                "twbs/bootstrap": "~3.2"
            },
            "type": "wordpress-plugin",
            "autoload": {
                "classmap": [
                    "src/"
                ]
            },
            "notification-url": "https://packagist.org/downloads/",
            "license": [
                "MIT"
            ],
            "authors": [
                {
                    "name": "Andrey Savchenko",
                    "email": "contact@rarst.net",
                    "homepage": "http://www.Rarst.net/"
                }
            ],
            "description": "Light WordPress profiler.",
            "homepage": "https://github.com/Rarst/laps",
            "keywords": [
                "performance",
                "wordpress"
            ],
            "time": "2017-07-05T18:45:39+00:00"
        },
        {
            "name": "rarst/toolbar-theme-switcher",
            "version": "1.5",
            "source": {
                "type": "git",
                "url": "https://github.com/Rarst/toolbar-theme-switcher.git",
                "reference": "a39b910fd092be540dbc694dfca5b62cf1175778"
            },
            "dist": {
                "type": "zip",
                "url": "https://api.github.com/repos/Rarst/toolbar-theme-switcher/zipball/a39b910fd092be540dbc694dfca5b62cf1175778",
                "reference": "a39b910fd092be540dbc694dfca5b62cf1175778",
                "shasum": ""
            },
            "require": {
                "composer/installers": "~1.0"
            },
            "type": "wordpress-plugin",
            "autoload": {
                "classmap": [
                    "php/"
                ]
            },
            "notification-url": "https://packagist.org/downloads/",
            "license": [
                "MIT"
            ],
            "authors": [
                {
                    "name": "Andrey Savchenko",
                    "email": "contact@rarst.net",
                    "homepage": "http://www.Rarst.net/"
                }
            ],
            "description": "Adds WordPress toolbar menu that allows users to switch theme for themselves",
            "homepage": "https://github.com/Rarst/toolbar-theme-switcher",
            "keywords": [
                "wordpress"
            ],
            "time": "2016-11-27T22:02:09+00:00"
        },
        {
            "name": "symfony/stopwatch",
            "version": "v2.8.44",
            "source": {
                "type": "git",
                "url": "https://github.com/symfony/stopwatch.git",
                "reference": "12a4b0c2a1788adf16a5548ab18ab9e8801d71d8"
            },
            "dist": {
                "type": "zip",
                "url": "https://api.github.com/repos/symfony/stopwatch/zipball/12a4b0c2a1788adf16a5548ab18ab9e8801d71d8",
                "reference": "12a4b0c2a1788adf16a5548ab18ab9e8801d71d8",
                "shasum": ""
            },
            "require": {
                "php": ">=5.3.9"
            },
            "type": "library",
            "extra": {
                "branch-alias": {
                    "dev-master": "2.8-dev"
                }
            },
            "autoload": {
                "psr-4": {
                    "Symfony\\Component\\Stopwatch\\": ""
                },
                "exclude-from-classmap": [
                    "/Tests/"
                ]
            },
            "notification-url": "https://packagist.org/downloads/",
            "license": [
                "MIT"
            ],
            "authors": [
                {
                    "name": "Fabien Potencier",
                    "email": "fabien@symfony.com"
                },
                {
                    "name": "Symfony Community",
                    "homepage": "https://symfony.com/contributors"
                }
            ],
            "description": "Symfony Stopwatch Component",
            "homepage": "https://symfony.com",
            "time": "2018-07-24T10:05:38+00:00"
        },
        {
            "name": "wpackagist-plugin/a-fresher-cache",
            "version": "0.2.0",
            "source": {
                "type": "svn",
                "url": "https://plugins.svn.wordpress.org/a-fresher-cache/",
                "reference": "tags/0.2.0"
            },
            "dist": {
                "type": "zip",
                "url": "https://downloads.wordpress.org/plugin/a-fresher-cache.0.2.0.zip",
                "reference": null,
                "shasum": null
            },
            "require": {
                "composer/installers": "~1.0"
            },
            "type": "wordpress-plugin",
            "homepage": "https://wordpress.org/plugins/a-fresher-cache/"
        },
        {
            "name": "wpackagist-plugin/core-control",
            "version": "1.2.1",
            "source": {
                "type": "svn",
                "url": "https://plugins.svn.wordpress.org/core-control/",
                "reference": "tags/1.2.1"
            },
            "dist": {
                "type": "zip",
                "url": "https://downloads.wordpress.org/plugin/core-control.1.2.1.zip",
                "reference": null,
                "shasum": null
            },
            "require": {
                "composer/installers": "~1.0"
            },
            "type": "wordpress-plugin",
            "homepage": "https://wordpress.org/plugins/core-control/"
        },
        {
            "name": "wpackagist-plugin/monster-widget",
            "version": "0.3",
            "source": {
                "type": "svn",
                "url": "https://plugins.svn.wordpress.org/monster-widget/",
                "reference": "trunk"
            },
            "dist": {
                "type": "zip",
                "url": "https://downloads.wordpress.org/plugin/monster-widget.zip?timestamp=1510328829",
                "reference": null,
                "shasum": null
            },
            "require": {
                "composer/installers": "~1.0"
            },
            "type": "wordpress-plugin",
            "homepage": "https://wordpress.org/plugins/monster-widget/"
        },
        {
            "name": "wpackagist-plugin/theme-check",
            "version": "20160523.1",
            "source": {
                "type": "svn",
                "url": "https://plugins.svn.wordpress.org/theme-check/",
                "reference": "tags/20160523.1"
            },
            "dist": {
                "type": "zip",
                "url": "https://downloads.wordpress.org/plugin/theme-check.20160523.1.zip",
                "reference": null,
                "shasum": null
            },
            "require": {
                "composer/installers": "~1.0"
            },
            "type": "wordpress-plugin",
            "homepage": "https://wordpress.org/plugins/theme-check/"
        }
    ],
    "aliases": [],
    "minimum-stability": "stable",
    "stability-flags": [],
    "prefer-stable": false,
    "prefer-lowest": false,
    "platform": [],
    "platform-dev": []
}
